
Microsoft Visual Studio Solution File, Format Version 12.00
# Visual Studio Version 17
VisualStudioVersion = 17.3.32929.385
MinimumVisualStudioVersion = 10.0.40219.1
Project("{FAE04EC0-301F-11D3-BF4B-00C04F79EFBC}") = "zadanie_5", "zadanie_5\zadanie_5.csproj", "{19AFF569-5F00-47E6-9014-81E8A0C7CE41}"
EndProject
Global
	GlobalSection(SolutionConfigurationPlatforms) = preSolution
		Debug|Any CPU = Debug|Any CPU
		Release|Any CPU = Release|Any CPU
	EndGlobalSection
	GlobalSection(ProjectConfigurationPlatforms) = postSolution
		{19AFF569-5F00-47E6-9014-81E8A0C7CE41}.Debug|Any CPU.ActiveCfg = Debug|Any CPU
		{19AFF569-5F00-47E6-9014-81E8A0C7CE41}.Debug|Any CPU.Build.0 = Debug|Any CPU
		{19AFF569-5F00-47E6-9014-81E8A0C7CE41}.Release|Any CPU.ActiveCfg = Release|Any CPU
		{19AFF569-5F00-47E6-9014-81E8A0C7CE41}.Release|Any CPU.Build.0 = Release|Any CPU
	EndGlobalSection
	GlobalSection(SolutionProperties) = preSolution
		HideSolutionNode = FALSE
	EndGlobalSection
	GlobalSection(ExtensibilityGlobals) = postSolution
		SolutionGuid = {DDDB46D6-ED19-4FC4-BCD9-CDCE09FA2F99}
	EndGlobalSection
EndGlobal
