
Microsoft Visual Studio Solution File, Format Version 12.00
# Visual Studio Version 17
VisualStudioVersion = 17.3.32929.385
MinimumVisualStudioVersion = 10.0.40219.1
Project("{FAE04EC0-301F-11D3-BF4B-00C04F79EFBC}") = "zadanie_1", "zadanie_1\zadanie_1.csproj", "{D6ACF7EF-6C62-4544-96E6-EB2DF3DA5C20}"
EndProject
Global
	GlobalSection(SolutionConfigurationPlatforms) = preSolution
		Debug|Any CPU = Debug|Any CPU
		Release|Any CPU = Release|Any CPU
	EndGlobalSection
	GlobalSection(ProjectConfigurationPlatforms) = postSolution
		{D6ACF7EF-6C62-4544-96E6-EB2DF3DA5C20}.Debug|Any CPU.ActiveCfg = Debug|Any CPU
		{D6ACF7EF-6C62-4544-96E6-EB2DF3DA5C20}.Debug|Any CPU.Build.0 = Debug|Any CPU
		{D6ACF7EF-6C62-4544-96E6-EB2DF3DA5C20}.Release|Any CPU.ActiveCfg = Release|Any CPU
		{D6ACF7EF-6C62-4544-96E6-EB2DF3DA5C20}.Release|Any CPU.Build.0 = Release|Any CPU
	EndGlobalSection
	GlobalSection(SolutionProperties) = preSolution
		HideSolutionNode = FALSE
	EndGlobalSection
	GlobalSection(ExtensibilityGlobals) = postSolution
		SolutionGuid = {2D78F61A-86F8-4F5B-AB98-2353FF636F6A}
	EndGlobalSection
EndGlobal
