
Microsoft Visual Studio Solution File, Format Version 12.00
# Visual Studio Version 17
VisualStudioVersion = 17.3.32929.385
MinimumVisualStudioVersion = 10.0.40219.1
Project("{FAE04EC0-301F-11D3-BF4B-00C04F79EFBC}") = "ćwiczenie_sortowanie_kart", "ćwiczenie_sortowanie_kart\ćwiczenie_sortowanie_kart.csproj", "{8FA16342-6C72-4A7D-B881-083D03113452}"
EndProject
Global
	GlobalSection(SolutionConfigurationPlatforms) = preSolution
		Debug|Any CPU = Debug|Any CPU
		Release|Any CPU = Release|Any CPU
	EndGlobalSection
	GlobalSection(ProjectConfigurationPlatforms) = postSolution
		{8FA16342-6C72-4A7D-B881-083D03113452}.Debug|Any CPU.ActiveCfg = Debug|Any CPU
		{8FA16342-6C72-4A7D-B881-083D03113452}.Debug|Any CPU.Build.0 = Debug|Any CPU
		{8FA16342-6C72-4A7D-B881-083D03113452}.Release|Any CPU.ActiveCfg = Release|Any CPU
		{8FA16342-6C72-4A7D-B881-083D03113452}.Release|Any CPU.Build.0 = Release|Any CPU
	EndGlobalSection
	GlobalSection(SolutionProperties) = preSolution
		HideSolutionNode = FALSE
	EndGlobalSection
	GlobalSection(ExtensibilityGlobals) = postSolution
		SolutionGuid = {525F467D-5E84-42EF-8226-AC6B5340C506}
	EndGlobalSection
EndGlobal
