
Microsoft Visual Studio Solution File, Format Version 12.00
# Visual Studio Version 17
VisualStudioVersion = 17.3.32929.385
MinimumVisualStudioVersion = 10.0.40219.1
Project("{FAE04EC0-301F-11D3-BF4B-00C04F79EFBC}") = "zadanie_2", "zadanie_2\zadanie_2.csproj", "{E86E8C3F-FA21-419B-BB7B-C56EC32D5C3F}"
EndProject
Global
	GlobalSection(SolutionConfigurationPlatforms) = preSolution
		Debug|Any CPU = Debug|Any CPU
		Release|Any CPU = Release|Any CPU
	EndGlobalSection
	GlobalSection(ProjectConfigurationPlatforms) = postSolution
		{E86E8C3F-FA21-419B-BB7B-C56EC32D5C3F}.Debug|Any CPU.ActiveCfg = Debug|Any CPU
		{E86E8C3F-FA21-419B-BB7B-C56EC32D5C3F}.Debug|Any CPU.Build.0 = Debug|Any CPU
		{E86E8C3F-FA21-419B-BB7B-C56EC32D5C3F}.Release|Any CPU.ActiveCfg = Release|Any CPU
		{E86E8C3F-FA21-419B-BB7B-C56EC32D5C3F}.Release|Any CPU.Build.0 = Release|Any CPU
	EndGlobalSection
	GlobalSection(SolutionProperties) = preSolution
		HideSolutionNode = FALSE
	EndGlobalSection
	GlobalSection(ExtensibilityGlobals) = postSolution
		SolutionGuid = {99DAEC07-E244-4C23-AED0-A065BD2AB618}
	EndGlobalSection
EndGlobal
