
Microsoft Visual Studio Solution File, Format Version 12.00
# Visual Studio Version 17
VisualStudioVersion = 17.3.32929.385
MinimumVisualStudioVersion = 10.0.40219.1
Project("{FAE04EC0-301F-11D3-BF4B-00C04F79EFBC}") = "zadanie_3", "zadanie_3\zadanie_3.csproj", "{B024830B-C5AA-4959-B176-D57A64711603}"
EndProject
Global
	GlobalSection(SolutionConfigurationPlatforms) = preSolution
		Debug|Any CPU = Debug|Any CPU
		Release|Any CPU = Release|Any CPU
	EndGlobalSection
	GlobalSection(ProjectConfigurationPlatforms) = postSolution
		{B024830B-C5AA-4959-B176-D57A64711603}.Debug|Any CPU.ActiveCfg = Debug|Any CPU
		{B024830B-C5AA-4959-B176-D57A64711603}.Debug|Any CPU.Build.0 = Debug|Any CPU
		{B024830B-C5AA-4959-B176-D57A64711603}.Release|Any CPU.ActiveCfg = Release|Any CPU
		{B024830B-C5AA-4959-B176-D57A64711603}.Release|Any CPU.Build.0 = Release|Any CPU
	EndGlobalSection
	GlobalSection(SolutionProperties) = preSolution
		HideSolutionNode = FALSE
	EndGlobalSection
	GlobalSection(ExtensibilityGlobals) = postSolution
		SolutionGuid = {4A381B0E-99FF-4A30-B22B-6F1F678E911B}
	EndGlobalSection
EndGlobal
