
Microsoft Visual Studio Solution File, Format Version 12.00
# Visual Studio Version 17
VisualStudioVersion = 17.3.32929.385
MinimumVisualStudioVersion = 10.0.40219.1
Project("{FAE04EC0-301F-11D3-BF4B-00C04F79EFBC}") = "zadanie 1", "zadanie 1\zadanie 1.csproj", "{501C5B7C-488D-41E6-A321-8027A5982FFC}"
EndProject
Global
	GlobalSection(SolutionConfigurationPlatforms) = preSolution
		Debug|Any CPU = Debug|Any CPU
		Release|Any CPU = Release|Any CPU
	EndGlobalSection
	GlobalSection(ProjectConfigurationPlatforms) = postSolution
		{501C5B7C-488D-41E6-A321-8027A5982FFC}.Debug|Any CPU.ActiveCfg = Debug|Any CPU
		{501C5B7C-488D-41E6-A321-8027A5982FFC}.Debug|Any CPU.Build.0 = Debug|Any CPU
		{501C5B7C-488D-41E6-A321-8027A5982FFC}.Release|Any CPU.ActiveCfg = Release|Any CPU
		{501C5B7C-488D-41E6-A321-8027A5982FFC}.Release|Any CPU.Build.0 = Release|Any CPU
	EndGlobalSection
	GlobalSection(SolutionProperties) = preSolution
		HideSolutionNode = FALSE
	EndGlobalSection
	GlobalSection(ExtensibilityGlobals) = postSolution
		SolutionGuid = {64D736FD-63D6-41AB-8151-DA26B7568925}
	EndGlobalSection
EndGlobal
