
Microsoft Visual Studio Solution File, Format Version 12.00
# Visual Studio Version 17
VisualStudioVersion = 17.3.32929.385
MinimumVisualStudioVersion = 10.0.40219.1
Project("{FAE04EC0-301F-11D3-BF4B-00C04F79EFBC}") = "zadanie_1", "zadanie_1\zadanie_1.csproj", "{AE8EE049-FFD6-4DC5-AFD4-2D3CDC7144F7}"
EndProject
Global
	GlobalSection(SolutionConfigurationPlatforms) = preSolution
		Debug|Any CPU = Debug|Any CPU
		Release|Any CPU = Release|Any CPU
	EndGlobalSection
	GlobalSection(ProjectConfigurationPlatforms) = postSolution
		{AE8EE049-FFD6-4DC5-AFD4-2D3CDC7144F7}.Debug|Any CPU.ActiveCfg = Debug|Any CPU
		{AE8EE049-FFD6-4DC5-AFD4-2D3CDC7144F7}.Debug|Any CPU.Build.0 = Debug|Any CPU
		{AE8EE049-FFD6-4DC5-AFD4-2D3CDC7144F7}.Release|Any CPU.ActiveCfg = Release|Any CPU
		{AE8EE049-FFD6-4DC5-AFD4-2D3CDC7144F7}.Release|Any CPU.Build.0 = Release|Any CPU
	EndGlobalSection
	GlobalSection(SolutionProperties) = preSolution
		HideSolutionNode = FALSE
	EndGlobalSection
	GlobalSection(ExtensibilityGlobals) = postSolution
		SolutionGuid = {915AC49C-8C18-4BF6-86F3-418908F31551}
	EndGlobalSection
EndGlobal
