
Microsoft Visual Studio Solution File, Format Version 12.00
# Visual Studio Version 17
VisualStudioVersion = 17.3.32929.385
MinimumVisualStudioVersion = 10.0.40219.1
Project("{FAE04EC0-301F-11D3-BF4B-00C04F79EFBC}") = "ćwiczenie 2", "ćwiczenie 2\ćwiczenie 2.csproj", "{973FD814-70AD-4844-B5D3-4181A08313F4}"
EndProject
Global
	GlobalSection(SolutionConfigurationPlatforms) = preSolution
		Debug|Any CPU = Debug|Any CPU
		Release|Any CPU = Release|Any CPU
	EndGlobalSection
	GlobalSection(ProjectConfigurationPlatforms) = postSolution
		{973FD814-70AD-4844-B5D3-4181A08313F4}.Debug|Any CPU.ActiveCfg = Debug|Any CPU
		{973FD814-70AD-4844-B5D3-4181A08313F4}.Debug|Any CPU.Build.0 = Debug|Any CPU
		{973FD814-70AD-4844-B5D3-4181A08313F4}.Release|Any CPU.ActiveCfg = Release|Any CPU
		{973FD814-70AD-4844-B5D3-4181A08313F4}.Release|Any CPU.Build.0 = Release|Any CPU
	EndGlobalSection
	GlobalSection(SolutionProperties) = preSolution
		HideSolutionNode = FALSE
	EndGlobalSection
	GlobalSection(ExtensibilityGlobals) = postSolution
		SolutionGuid = {1E72FAA1-0AAA-484D-B9B4-ADC56175E126}
	EndGlobalSection
EndGlobal
